
Microsoft Visual Studio Solution File, Format Version 12.00
# Visual Studio Version 17
VisualStudioVersion = 17.4.33403.182
MinimumVisualStudioVersion = 10.0.40219.1
Project("{FAE04EC0-301F-11D3-BF4B-00C04F79EFBC}") = "BackTracking", "BackTracking.csproj", "{289E1CC4-4FC9-4146-A2CE-81A950E3B845}"
EndProject
Global
	GlobalSection(SolutionConfigurationPlatforms) = preSolution
		Debug|Any CPU = Debug|Any CPU
		Release|Any CPU = Release|Any CPU
	EndGlobalSection
	GlobalSection(ProjectConfigurationPlatforms) = postSolution
		{289E1CC4-4FC9-4146-A2CE-81A950E3B845}.Debug|Any CPU.ActiveCfg = Debug|Any CPU
		{289E1CC4-4FC9-4146-A2CE-81A950E3B845}.Debug|Any CPU.Build.0 = Debug|Any CPU
		{289E1CC4-4FC9-4146-A2CE-81A950E3B845}.Release|Any CPU.ActiveCfg = Release|Any CPU
		{289E1CC4-4FC9-4146-A2CE-81A950E3B845}.Release|Any CPU.Build.0 = Release|Any CPU
	EndGlobalSection
	GlobalSection(SolutionProperties) = preSolution
		HideSolutionNode = FALSE
	EndGlobalSection
	GlobalSection(ExtensibilityGlobals) = postSolution
		SolutionGuid = {34E71557-5FB1-46E0-B622-5253C23AE691}
	EndGlobalSection
EndGlobal
